
Microsoft Visual Studio Solution File, Format Version 12.00
# Visual Studio 15
VisualStudioVersion = 15.0.27004.2010
MinimumVisualStudioVersion = 10.0.40219.1
Project("{FAE04EC0-301F-11D3-BF4B-00C04F79EFBC}") = "Sales", "Sales\Sales.csproj", "{D3784763-3F18-4AD6-9472-76961992838F}"
EndProject
Global
	GlobalSection(SolutionConfigurationPlatforms) = preSolution
		Debug|Any CPU = Debug|Any CPU
		Release|Any CPU = Release|Any CPU
	EndGlobalSection
	GlobalSection(ProjectConfigurationPlatforms) = postSolution
		{D3784763-3F18-4AD6-9472-76961992838F}.Debug|Any CPU.ActiveCfg = Debug|Any CPU
		{D3784763-3F18-4AD6-9472-76961992838F}.Debug|Any CPU.Build.0 = Debug|Any CPU
		{D3784763-3F18-4AD6-9472-76961992838F}.Release|Any CPU.ActiveCfg = Release|Any CPU
		{D3784763-3F18-4AD6-9472-76961992838F}.Release|Any CPU.Build.0 = Release|Any CPU
	EndGlobalSection
	GlobalSection(SolutionProperties) = preSolution
		HideSolutionNode = FALSE
	EndGlobalSection
	GlobalSection(ExtensibilityGlobals) = postSolution
		SolutionGuid = {436291C1-A9E0-4C1A-B297-FF3411782A6A}
	EndGlobalSection
EndGlobal
